
Microsoft Visual Studio Solution File, Format Version 12.00
# Visual Studio Version 16
VisualStudioVersion = 16.0.32630.194
MinimumVisualStudioVersion = 10.0.40219.1
Project("{2150E333-8FDC-42A3-9474-1A3956D46DE8}") = "src", "src", "{54027D8B-4FF4-4E65-B6AD-FCD289C81DBB}"
EndProject
Project("{2150E333-8FDC-42A3-9474-1A3956D46DE8}") = "tests", "tests", "{F1AB6E96-3A9D-414D-9DC8-393C645C7921}"
EndProject
Project("{2150E333-8FDC-42A3-9474-1A3956D46DE8}") = "Web.API", "Web.API", "{A5EF049F-1BE0-449D-9B71-D273FC4F3A9A}"
EndProject
Project("{2150E333-8FDC-42A3-9474-1A3956D46DE8}") = "Web.Client", "Web.Client", "{0027F34D-FEB7-4DF8-BAB3-5A751B93E5C8}"
EndProject
Project("{9A19103F-16F7-4668-BE54-9A1E7A4F7556}") = "MyMusic.API", "MyMusic.API\MyMusic.API.csproj", "{D6695870-2A89-4DCA-9857-AEA38F460559}"
EndProject
Project("{9A19103F-16F7-4668-BE54-9A1E7A4F7556}") = "MysMusic.Core", "MyMusic.Core\MysMusic.Core.csproj", "{58419766-9F9F-4F7B-A6F2-8AD1E98EA3B0}"
EndProject
Project("{9A19103F-16F7-4668-BE54-9A1E7A4F7556}") = "MyMusic.Services", "MyMusic.Services\MyMusic.Services.csproj", "{E085ED1D-213D-4BB3-B33F-160F96F3BBFE}"
EndProject
Project("{9A19103F-16F7-4668-BE54-9A1E7A4F7556}") = "MyMusic.Data", "MyMusic.Data\MyMusic.Data.csproj", "{50B63E62-B5A1-4C4C-A941-6B6C90952CC5}"
EndProject
Project("{9A19103F-16F7-4668-BE54-9A1E7A4F7556}") = "MyMusic.Data.MongoDB", "MyMusic.Data.MongoDB\MyMusic.Data.MongoDB.csproj", "{6BEFDC01-0F34-449C-B87E-6D254B18A3D6}"
EndProject
Project("{FAE04EC0-301F-11D3-BF4B-00C04F79EFBC}") = "MyMusicMVC", "MyMusicMVC\MyMusicMVC.csproj", "{F943CE12-8EA1-446A-BDE3-9C15179BF48D}"
EndProject
Global
	GlobalSection(SolutionConfigurationPlatforms) = preSolution
		Debug|Any CPU = Debug|Any CPU
		Release|Any CPU = Release|Any CPU
	EndGlobalSection
	GlobalSection(ProjectConfigurationPlatforms) = postSolution
		{D6695870-2A89-4DCA-9857-AEA38F460559}.Debug|Any CPU.ActiveCfg = Debug|Any CPU
		{D6695870-2A89-4DCA-9857-AEA38F460559}.Debug|Any CPU.Build.0 = Debug|Any CPU
		{D6695870-2A89-4DCA-9857-AEA38F460559}.Release|Any CPU.ActiveCfg = Release|Any CPU
		{D6695870-2A89-4DCA-9857-AEA38F460559}.Release|Any CPU.Build.0 = Release|Any CPU
		{58419766-9F9F-4F7B-A6F2-8AD1E98EA3B0}.Debug|Any CPU.ActiveCfg = Debug|Any CPU
		{58419766-9F9F-4F7B-A6F2-8AD1E98EA3B0}.Debug|Any CPU.Build.0 = Debug|Any CPU
		{58419766-9F9F-4F7B-A6F2-8AD1E98EA3B0}.Release|Any CPU.ActiveCfg = Release|Any CPU
		{58419766-9F9F-4F7B-A6F2-8AD1E98EA3B0}.Release|Any CPU.Build.0 = Release|Any CPU
		{E085ED1D-213D-4BB3-B33F-160F96F3BBFE}.Debug|Any CPU.ActiveCfg = Debug|Any CPU
		{E085ED1D-213D-4BB3-B33F-160F96F3BBFE}.Debug|Any CPU.Build.0 = Debug|Any CPU
		{E085ED1D-213D-4BB3-B33F-160F96F3BBFE}.Release|Any CPU.ActiveCfg = Release|Any CPU
		{E085ED1D-213D-4BB3-B33F-160F96F3BBFE}.Release|Any CPU.Build.0 = Release|Any CPU
		{50B63E62-B5A1-4C4C-A941-6B6C90952CC5}.Debug|Any CPU.ActiveCfg = Debug|Any CPU
		{50B63E62-B5A1-4C4C-A941-6B6C90952CC5}.Debug|Any CPU.Build.0 = Debug|Any CPU
		{50B63E62-B5A1-4C4C-A941-6B6C90952CC5}.Release|Any CPU.ActiveCfg = Release|Any CPU
		{50B63E62-B5A1-4C4C-A941-6B6C90952CC5}.Release|Any CPU.Build.0 = Release|Any CPU
		{6BEFDC01-0F34-449C-B87E-6D254B18A3D6}.Debug|Any CPU.ActiveCfg = Debug|Any CPU
		{6BEFDC01-0F34-449C-B87E-6D254B18A3D6}.Debug|Any CPU.Build.0 = Debug|Any CPU
		{6BEFDC01-0F34-449C-B87E-6D254B18A3D6}.Release|Any CPU.ActiveCfg = Release|Any CPU
		{6BEFDC01-0F34-449C-B87E-6D254B18A3D6}.Release|Any CPU.Build.0 = Release|Any CPU
		{F943CE12-8EA1-446A-BDE3-9C15179BF48D}.Debug|Any CPU.ActiveCfg = Debug|Any CPU
		{F943CE12-8EA1-446A-BDE3-9C15179BF48D}.Debug|Any CPU.Build.0 = Debug|Any CPU
		{F943CE12-8EA1-446A-BDE3-9C15179BF48D}.Release|Any CPU.ActiveCfg = Release|Any CPU
		{F943CE12-8EA1-446A-BDE3-9C15179BF48D}.Release|Any CPU.Build.0 = Release|Any CPU
	EndGlobalSection
	GlobalSection(SolutionProperties) = preSolution
		HideSolutionNode = FALSE
	EndGlobalSection
	GlobalSection(NestedProjects) = preSolution
		{A5EF049F-1BE0-449D-9B71-D273FC4F3A9A} = {54027D8B-4FF4-4E65-B6AD-FCD289C81DBB}
		{0027F34D-FEB7-4DF8-BAB3-5A751B93E5C8} = {54027D8B-4FF4-4E65-B6AD-FCD289C81DBB}
		{D6695870-2A89-4DCA-9857-AEA38F460559} = {A5EF049F-1BE0-449D-9B71-D273FC4F3A9A}
		{58419766-9F9F-4F7B-A6F2-8AD1E98EA3B0} = {A5EF049F-1BE0-449D-9B71-D273FC4F3A9A}
		{E085ED1D-213D-4BB3-B33F-160F96F3BBFE} = {A5EF049F-1BE0-449D-9B71-D273FC4F3A9A}
		{50B63E62-B5A1-4C4C-A941-6B6C90952CC5} = {A5EF049F-1BE0-449D-9B71-D273FC4F3A9A}
		{6BEFDC01-0F34-449C-B87E-6D254B18A3D6} = {A5EF049F-1BE0-449D-9B71-D273FC4F3A9A}
		{F943CE12-8EA1-446A-BDE3-9C15179BF48D} = {0027F34D-FEB7-4DF8-BAB3-5A751B93E5C8}
	EndGlobalSection
	GlobalSection(ExtensibilityGlobals) = postSolution
		SolutionGuid = {0D48418E-0EF4-44EE-B07A-FF15E15FCBCD}
	EndGlobalSection
EndGlobal
